
Microsoft Visual Studio Solution File, Format Version 12.00
# Visual Studio Version 16
VisualStudioVersion = 16.0.31624.102
MinimumVisualStudioVersion = 10.0.40219.1
Project("{FAE04EC0-301F-11D3-BF4B-00C04F79EFBC}") = "StateLessApp", "StateLessApp\StateLessApp.csproj", "{F70A7725-1F42-47CF-B629-EA82AD7AC670}"
EndProject
Global
	GlobalSection(SolutionConfigurationPlatforms) = preSolution
		Debug|Any CPU = Debug|Any CPU
		Release|Any CPU = Release|Any CPU
	EndGlobalSection
	GlobalSection(ProjectConfigurationPlatforms) = postSolution
		{F70A7725-1F42-47CF-B629-EA82AD7AC670}.Debug|Any CPU.ActiveCfg = Debug|Any CPU
		{F70A7725-1F42-47CF-B629-EA82AD7AC670}.Debug|Any CPU.Build.0 = Debug|Any CPU
		{F70A7725-1F42-47CF-B629-EA82AD7AC670}.Release|Any CPU.ActiveCfg = Release|Any CPU
		{F70A7725-1F42-47CF-B629-EA82AD7AC670}.Release|Any CPU.Build.0 = Release|Any CPU
	EndGlobalSection
	GlobalSection(SolutionProperties) = preSolution
		HideSolutionNode = FALSE
	EndGlobalSection
	GlobalSection(ExtensibilityGlobals) = postSolution
		SolutionGuid = {747BA10E-25AA-4351-958B-D1F2F6B250A6}
	EndGlobalSection
EndGlobal
